
Microsoft Visual Studio Solution File, Format Version 12.00
# Visual Studio Version 17
VisualStudioVersion = 17.0.31903.59
MinimumVisualStudioVersion = 10.0.40219.1
Project("{2150E333-8FDC-42A3-9474-1A3956D46DE8}") = "Dima", "Dima", "{1A53980B-16DD-77A0-E5C1-AA49B08E1600}"
EndProject
Project("{FAE04EC0-301F-11D3-BF4B-00C04F79EFBC}") = "Dima.Core", "Dima.core\Dima.Core.csproj", "{DBDEE6F4-A9B1-4F4B-BE27-2E11DC6C9303}"
EndProject
Project("{FAE04EC0-301F-11D3-BF4B-00C04F79EFBC}") = "Dima.Api", "Dima.Api\Dima.Api.csproj", "{512E8006-176F-4D79-9E53-902FB97F6D98}"
EndProject
Global
	GlobalSection(SolutionConfigurationPlatforms) = preSolution
		Debug|Any CPU = Debug|Any CPU
		Debug|x64 = Debug|x64
		Debug|x86 = Debug|x86
		Release|Any CPU = Release|Any CPU
		Release|x64 = Release|x64
		Release|x86 = Release|x86
	EndGlobalSection
	GlobalSection(ProjectConfigurationPlatforms) = postSolution
		{DBDEE6F4-A9B1-4F4B-BE27-2E11DC6C9303}.Debug|Any CPU.ActiveCfg = Debug|Any CPU
		{DBDEE6F4-A9B1-4F4B-BE27-2E11DC6C9303}.Debug|Any CPU.Build.0 = Debug|Any CPU
		{DBDEE6F4-A9B1-4F4B-BE27-2E11DC6C9303}.Debug|x64.ActiveCfg = Debug|Any CPU
		{DBDEE6F4-A9B1-4F4B-BE27-2E11DC6C9303}.Debug|x64.Build.0 = Debug|Any CPU
		{DBDEE6F4-A9B1-4F4B-BE27-2E11DC6C9303}.Debug|x86.ActiveCfg = Debug|Any CPU
		{DBDEE6F4-A9B1-4F4B-BE27-2E11DC6C9303}.Debug|x86.Build.0 = Debug|Any CPU
		{DBDEE6F4-A9B1-4F4B-BE27-2E11DC6C9303}.Release|Any CPU.ActiveCfg = Release|Any CPU
		{DBDEE6F4-A9B1-4F4B-BE27-2E11DC6C9303}.Release|Any CPU.Build.0 = Release|Any CPU
		{DBDEE6F4-A9B1-4F4B-BE27-2E11DC6C9303}.Release|x64.ActiveCfg = Release|Any CPU
		{DBDEE6F4-A9B1-4F4B-BE27-2E11DC6C9303}.Release|x64.Build.0 = Release|Any CPU
		{DBDEE6F4-A9B1-4F4B-BE27-2E11DC6C9303}.Release|x86.ActiveCfg = Release|Any CPU
		{DBDEE6F4-A9B1-4F4B-BE27-2E11DC6C9303}.Release|x86.Build.0 = Release|Any CPU
		{512E8006-176F-4D79-9E53-902FB97F6D98}.Debug|Any CPU.ActiveCfg = Debug|Any CPU
		{512E8006-176F-4D79-9E53-902FB97F6D98}.Debug|Any CPU.Build.0 = Debug|Any CPU
		{512E8006-176F-4D79-9E53-902FB97F6D98}.Debug|x64.ActiveCfg = Debug|Any CPU
		{512E8006-176F-4D79-9E53-902FB97F6D98}.Debug|x64.Build.0 = Debug|Any CPU
		{512E8006-176F-4D79-9E53-902FB97F6D98}.Debug|x86.ActiveCfg = Debug|Any CPU
		{512E8006-176F-4D79-9E53-902FB97F6D98}.Debug|x86.Build.0 = Debug|Any CPU
		{512E8006-176F-4D79-9E53-902FB97F6D98}.Release|Any CPU.ActiveCfg = Release|Any CPU
		{512E8006-176F-4D79-9E53-902FB97F6D98}.Release|Any CPU.Build.0 = Release|Any CPU
		{512E8006-176F-4D79-9E53-902FB97F6D98}.Release|x64.ActiveCfg = Release|Any CPU
		{512E8006-176F-4D79-9E53-902FB97F6D98}.Release|x64.Build.0 = Release|Any CPU
		{512E8006-176F-4D79-9E53-902FB97F6D98}.Release|x86.ActiveCfg = Release|Any CPU
		{512E8006-176F-4D79-9E53-902FB97F6D98}.Release|x86.Build.0 = Release|Any CPU
	EndGlobalSection
	GlobalSection(SolutionProperties) = preSolution
		HideSolutionNode = FALSE
	EndGlobalSection
	GlobalSection(NestedProjects) = preSolution
		{DBDEE6F4-A9B1-4F4B-BE27-2E11DC6C9303} = {1A53980B-16DD-77A0-E5C1-AA49B08E1600}
		{512E8006-176F-4D79-9E53-902FB97F6D98} = {1A53980B-16DD-77A0-E5C1-AA49B08E1600}
	EndGlobalSection
	GlobalSection(ExtensibilityGlobals) = postSolution
		SolutionGuid = {369F7166-EF50-4282-AF1F-B772E2735F28}
	EndGlobalSection
EndGlobal
